<?xml version="1.0" encoding="utf-8"?>
<Project ToolsVersion="4.0" xmlns="http://schemas.microsoft.com/developer/msbuild/2003">
  <ItemGroup>
    <Filter Include="Source Files">
      <UniqueIdentifier>{4FC737F1-C7A5-4376-A066-2A32D752A2FF}</UniqueIdentifier>
      <Extensions>cpp;c;cc;cxx;c++;cppm;ixx;def;odl;idl;hpj;bat;asm;asmx</Extensions>
    </Filter>
    <Filter Include="Header Files">
      <UniqueIdentifier>{93995380-89BD-4b04-88EB-625FBE52EBFB}</UniqueIdentifier>
      <Extensions>h;hh;hpp;hxx;h++;hm;inl;inc;ipp;xsd</Extensions>
    </Filter>
    <Filter Include="Resource Files">
      <UniqueIdentifier>{67DA6AB6-F800-4c08-8B7A-83BB121AAD01}</UniqueIdentifier>
      <Extensions>rc;ico;cur;bmp;dlg;rc2;rct;bin;rgs;gif;jpg;jpeg;jpe;resx;tiff;tif;png;wav;mfcribbon-ms</Extensions>
    </Filter>
    <Filter Include="Header Files\Display">
      <UniqueIdentifier>{0500ed9f-2f35-4abd-95f2-3344c3ffea14}</UniqueIdentifier>
    </Filter>
    <Filter Include="Source Files\Display">
      <UniqueIdentifier>{29e79a9f-20c3-4170-87e2-2147846b4d22}</UniqueIdentifier>
    </Filter>
    <Filter Include="Header Files\Entities">
      <UniqueIdentifier>{777d9970-76a4-4e27-a373-6fdd2effecb5}</UniqueIdentifier>
    </Filter>
    <Filter Include="Source Files\Entities">
      <UniqueIdentifier>{3824aa36-bfe9-4dbe-b15f-052cde7d288e}</UniqueIdentifier>
    </Filter>
    <Filter Include="Header Files\Rooms">
      <UniqueIdentifier>{53da8dde-d724-4c3d-adc1-66156a26e06d}</UniqueIdentifier>
    </Filter>
    <Filter Include="Source Files\Rooms">
      <UniqueIdentifier>{b9729193-c35c-4c35-85d5-603c7df836c2}</UniqueIdentifier>
    </Filter>
  </ItemGroup>
  <ItemGroup>
    <ClCompile Include="CommonConfig.cpp">
      <Filter>Source Files</Filter>
    </ClCompile>
    <ClCompile Include="GameHandler.cpp">
      <Filter>Source Files</Filter>
    </ClCompile>
    <ClCompile Include="main.cpp">
      <Filter>Source Files</Filter>
    </ClCompile>
    <ClCompile Include="Box.cpp">
      <Filter>Source Files\Display</Filter>
    </ClCompile>
    <ClCompile Include="ModelArts.cpp">
      <Filter>Source Files\Display</Filter>
    </ClCompile>
    <ClCompile Include="Menu.cpp">
      <Filter>Source Files\Display</Filter>
    </ClCompile>
    <ClCompile Include="Entity.cpp">
      <Filter>Source Files\Entities</Filter>
    </ClCompile>
    <ClCompile Include="Goblin.cpp">
      <Filter>Source Files\Entities</Filter>
    </ClCompile>
    <ClCompile Include="Monster.cpp">
      <Filter>Source Files\Entities</Filter>
    </ClCompile>
    <ClCompile Include="Foot.cpp">
      <Filter>Source Files\Entities</Filter>
    </ClCompile>
    <ClCompile Include="Player.cpp">
      <Filter>Source Files\Entities</Filter>
    </ClCompile>
    <ClCompile Include="Chupacabra.cpp">
      <Filter>Source Files\Entities</Filter>
    </ClCompile>
    <ClCompile Include="Room.cpp">
      <Filter>Source Files\Rooms</Filter>
    </ClCompile>
    <ClCompile Include="MonsterRoom.cpp">
      <Filter>Source Files\Rooms</Filter>
    </ClCompile>
    <ClCompile Include="TreasureRoom.cpp">
      <Filter>Source Files\Rooms</Filter>
    </ClCompile>
    <ClCompile Include="EmptyRoom.cpp">
      <Filter>Source Files\Rooms</Filter>
    </ClCompile>
  </ItemGroup>
  <ItemGroup>
    <ClInclude Include="CommonConfig.h">
      <Filter>Header Files</Filter>
    </ClInclude>
    <ClInclude Include="GameHandler.h">
      <Filter>Header Files</Filter>
    </ClInclude>
    <ClInclude Include="Box.h">
      <Filter>Header Files\Display</Filter>
    </ClInclude>
    <ClInclude Include="Menu.h">
      <Filter>Header Files\Display</Filter>
    </ClInclude>
    <ClInclude Include="ModelArts.h">
      <Filter>Header Files\Display</Filter>
    </ClInclude>
    <ClInclude Include="Entity.h">
      <Filter>Header Files\Entities</Filter>
    </ClInclude>
    <ClInclude Include="Foot.h">
      <Filter>Header Files\Entities</Filter>
    </ClInclude>
    <ClInclude Include="Monster.h">
      <Filter>Header Files\Entities</Filter>
    </ClInclude>
    <ClInclude Include="Goblin.h">
      <Filter>Header Files\Entities</Filter>
    </ClInclude>
    <ClInclude Include="Player.h">
      <Filter>Header Files\Entities</Filter>
    </ClInclude>
    <ClInclude Include="Chupacabra.h">
      <Filter>Header Files\Entities</Filter>
    </ClInclude>
    <ClInclude Include="EmptyRoom.h">
      <Filter>Header Files\Rooms</Filter>
    </ClInclude>
    <ClInclude Include="MonsterRoom.h">
      <Filter>Header Files\Rooms</Filter>
    </ClInclude>
    <ClInclude Include="Room.h">
      <Filter>Header Files\Rooms</Filter>
    </ClInclude>
    <ClInclude Include="TreasureRoom.h">
      <Filter>Header Files\Rooms</Filter>
    </ClInclude>
  </ItemGroup>
</Project>